
Microsoft Visual Studio Solution File, Format Version 12.00
# Visual Studio 2012
Project("{FAE04EC0-301F-11D3-BF4B-00C04F79EFBC}") = "R_hosp", "R_hosp\R_hosp.csproj", "{2C2693DF-74EC-4A2B-86E3-509D5C049FE8}"
EndProject
Global
	GlobalSection(SolutionConfigurationPlatforms) = preSolution
		Debug|iPhoneSimulator = Debug|iPhoneSimulator
		Release|iPhoneSimulator = Release|iPhoneSimulator
		Debug|iPhone = Debug|iPhone
		Release|iPhone = Release|iPhone
		Ad-Hoc|iPhone = Ad-Hoc|iPhone
		AppStore|iPhone = AppStore|iPhone
	EndGlobalSection
	GlobalSection(ProjectConfigurationPlatforms) = postSolution
		{2C2693DF-74EC-4A2B-86E3-509D5C049FE8}.Ad-Hoc|iPhone.ActiveCfg = Ad-Hoc|iPhone
		{2C2693DF-74EC-4A2B-86E3-509D5C049FE8}.Ad-Hoc|iPhone.Build.0 = Ad-Hoc|iPhone
		{2C2693DF-74EC-4A2B-86E3-509D5C049FE8}.AppStore|iPhone.ActiveCfg = AppStore|iPhone
		{2C2693DF-74EC-4A2B-86E3-509D5C049FE8}.AppStore|iPhone.Build.0 = AppStore|iPhone
		{2C2693DF-74EC-4A2B-86E3-509D5C049FE8}.Debug|iPhone.ActiveCfg = Debug|iPhone
		{2C2693DF-74EC-4A2B-86E3-509D5C049FE8}.Debug|iPhone.Build.0 = Debug|iPhone
		{2C2693DF-74EC-4A2B-86E3-509D5C049FE8}.Debug|iPhoneSimulator.ActiveCfg = Debug|iPhoneSimulator
		{2C2693DF-74EC-4A2B-86E3-509D5C049FE8}.Debug|iPhoneSimulator.Build.0 = Debug|iPhoneSimulator
		{2C2693DF-74EC-4A2B-86E3-509D5C049FE8}.Release|iPhone.ActiveCfg = Release|iPhone
		{2C2693DF-74EC-4A2B-86E3-509D5C049FE8}.Release|iPhone.Build.0 = Release|iPhone
		{2C2693DF-74EC-4A2B-86E3-509D5C049FE8}.Release|iPhoneSimulator.ActiveCfg = Release|iPhoneSimulator
		{2C2693DF-74EC-4A2B-86E3-509D5C049FE8}.Release|iPhoneSimulator.Build.0 = Release|iPhoneSimulator
	EndGlobalSection
	GlobalSection(MonoDevelopProperties) = preSolution
		StartupItem = R_hosp\R_hosp.csproj
	EndGlobalSection
EndGlobal
